
Microsoft Visual Studio Solution File, Format Version 12.00
# Visual Studio 14
VisualStudioVersion = 14.0.24720.0
MinimumVisualStudioVersion = 10.0.40219.1
Project("{FAE04EC0-301F-11D3-BF4B-00C04F79EFBC}") = "MyUILibrary", "MyUILibrary\MyUILibrary.csproj", "{38EC2F8B-3DB0-49D1-B67E-BAC44CF71301}"
EndProject
Project("{FAE04EC0-301F-11D3-BF4B-00C04F79EFBC}") = "UITest", "UITest\UITest.csproj", "{923EF86F-2169-4077-A713-3D6100481704}"
EndProject
Global
	GlobalSection(SolutionConfigurationPlatforms) = preSolution
		Debug|Any CPU = Debug|Any CPU
		Release|Any CPU = Release|Any CPU
	EndGlobalSection
	GlobalSection(ProjectConfigurationPlatforms) = postSolution
		{38EC2F8B-3DB0-49D1-B67E-BAC44CF71301}.Debug|Any CPU.ActiveCfg = Debug|Any CPU
		{38EC2F8B-3DB0-49D1-B67E-BAC44CF71301}.Debug|Any CPU.Build.0 = Debug|Any CPU
		{38EC2F8B-3DB0-49D1-B67E-BAC44CF71301}.Release|Any CPU.ActiveCfg = Release|Any CPU
		{38EC2F8B-3DB0-49D1-B67E-BAC44CF71301}.Release|Any CPU.Build.0 = Release|Any CPU
		{923EF86F-2169-4077-A713-3D6100481704}.Debug|Any CPU.ActiveCfg = Debug|Any CPU
		{923EF86F-2169-4077-A713-3D6100481704}.Debug|Any CPU.Build.0 = Debug|Any CPU
		{923EF86F-2169-4077-A713-3D6100481704}.Release|Any CPU.ActiveCfg = Release|Any CPU
		{923EF86F-2169-4077-A713-3D6100481704}.Release|Any CPU.Build.0 = Release|Any CPU
	EndGlobalSection
	GlobalSection(SolutionProperties) = preSolution
		HideSolutionNode = FALSE
	EndGlobalSection
EndGlobal
